
Microsoft Visual Studio Solution File, Format Version 12.00
# Visual Studio Version 17
VisualStudioVersion = 17.7.34024.191
MinimumVisualStudioVersion = 10.0.40219.1
Project("{FAE04EC0-301F-11D3-BF4B-00C04F79EFBC}") = "Metodlar ODEV", "Metodlar ODEV\Metodlar ODEV.csproj", "{74070BD3-987A-4E58-855D-FEAE46CA2393}"
EndProject
Global
	GlobalSection(SolutionConfigurationPlatforms) = preSolution
		Debug|Any CPU = Debug|Any CPU
		Release|Any CPU = Release|Any CPU
	EndGlobalSection
	GlobalSection(ProjectConfigurationPlatforms) = postSolution
		{74070BD3-987A-4E58-855D-FEAE46CA2393}.Debug|Any CPU.ActiveCfg = Debug|Any CPU
		{74070BD3-987A-4E58-855D-FEAE46CA2393}.Debug|Any CPU.Build.0 = Debug|Any CPU
		{74070BD3-987A-4E58-855D-FEAE46CA2393}.Release|Any CPU.ActiveCfg = Release|Any CPU
		{74070BD3-987A-4E58-855D-FEAE46CA2393}.Release|Any CPU.Build.0 = Release|Any CPU
	EndGlobalSection
	GlobalSection(SolutionProperties) = preSolution
		HideSolutionNode = FALSE
	EndGlobalSection
	GlobalSection(ExtensibilityGlobals) = postSolution
		SolutionGuid = {ED696867-4407-402D-A1B6-0F60E20EAC93}
	EndGlobalSection
EndGlobal
